// !$*UTF8*$!
{
	archiveVersion = 1;
	classes = {
	};
	objectVersion = 56;
	objects = {

/* Begin PBXBuildFile section */
		AA0000000000000000000001 /* TradeLensApp.swift in Sources */ = {isa = PBXBuildFile; fileRef = AA0000000000000000000002 /* TradeLensApp.swift */; };
		AA0000000000000000000003 /* RootView.swift in Sources */ = {isa = PBXBuildFile; fileRef = AA0000000000000000000004 /* RootView.swift */; };
		AA0000000000000000000005 /* PersistenceController.swift in Sources */ = {isa = PBXBuildFile; fileRef = AA0000000000000000000006 /* PersistenceController.swift */; };
		AA0000000000000000000007 /* TradeLogView.swift in Sources */ = {isa = PBXBuildFile; fileRef = AA0000000000000000000008 /* TradeLogView.swift */; };
		AA0000000000000000000009 /* ReviewEditorView.swift in Sources */ = {isa = PBXBuildFile; fileRef = AA000000000000000000000A /* ReviewEditorView.swift */; };
		AA000000000000000000000B /* CapitalView.swift in Sources */ = {isa = PBXBuildFile; fileRef = AA000000000000000000000C /* CapitalView.swift */; };
		AA000000000000000000000D /* AIReviewView.swift in Sources */ = {isa = PBXBuildFile; fileRef = AA000000000000000000000E /* AIReviewView.swift */; };
		AA000000000000000000000F /* TemplateListView.swift in Sources */ = {isa = PBXBuildFile; fileRef = AA0000000000000000000010 /* TemplateListView.swift */; };
		AA0000000000000000000011 /* SettingsView.swift in Sources */ = {isa = PBXBuildFile; fileRef = AA0000000000000000000012 /* SettingsView.swift */; };
		AA0000000000000000000013 /* GeminiClient.swift in Sources */ = {isa = PBXBuildFile; fileRef = AA0000000000000000000014 /* GeminiClient.swift */; };
		AA0000000000000000000015 /* AIService.swift in Sources */ = {isa = PBXBuildFile; fileRef = AA0000000000000000000016 /* AIService.swift */; };
		AA0000000000000000000017 /* PromptBuilder.swift in Sources */ = {isa = PBXBuildFile; fileRef = AA0000000000000000000018 /* PromptBuilder.swift */; };
		AA0000000000000000000019 /* SecurityService.swift in Sources */ = {isa = PBXBuildFile; fileRef = AA000000000000000000001A /* SecurityService.swift */; };
		AA000000000000000000001B /* TradeLens.xcdatamodeld in Sources */ = {isa = PBXBuildFile; fileRef = AA000000000000000000001C /* TradeLens.xcdatamodeld */; };
/* End PBXBuildFile section */

/* Begin PBXFileReference section */
		AA0000000000000000000002 /* TradeLensApp.swift */ = {isa = PBXFileReference; lastKnownFileType = sourcecode.swift; path = TradeLensApp.swift; sourceTree = "<group>"; };
		AA0000000000000000000004 /* RootView.swift */ = {isa = PBXFileReference; lastKnownFileType = sourcecode.swift; path = RootView.swift; sourceTree = "<group>"; };
		AA0000000000000000000006 /* PersistenceController.swift */ = {isa = PBXFileReference; lastKnownFileType = sourcecode.swift; path = PersistenceController.swift; sourceTree = "<group>"; };
		AA0000000000000000000008 /* TradeLogView.swift */ = {isa = PBXFileReference; lastKnownFileType = sourcecode.swift; path = TradeLogView.swift; sourceTree = "<group>"; };
		AA000000000000000000000A /* ReviewEditorView.swift */ = {isa = PBXFileReference; lastKnownFileType = sourcecode.swift; path = ReviewEditorView.swift; sourceTree = "<group>"; };
		AA000000000000000000000C /* CapitalView.swift */ = {isa = PBXFileReference; lastKnownFileType = sourcecode.swift; path = CapitalView.swift; sourceTree = "<group>"; };
		AA000000000000000000000E /* AIReviewView.swift */ = {isa = PBXFileReference; lastKnownFileType = sourcecode.swift; path = AIReviewView.swift; sourceTree = "<group>"; };
		AA0000000000000000000010 /* TemplateListView.swift */ = {isa = PBXFileReference; lastKnownFileType = sourcecode.swift; path = TemplateListView.swift; sourceTree = "<group>"; };
		AA0000000000000000000012 /* SettingsView.swift */ = {isa = PBXFileReference; lastKnownFileType = sourcecode.swift; path = SettingsView.swift; sourceTree = "<group>"; };
		AA0000000000000000000014 /* GeminiClient.swift */ = {isa = PBXFileReference; lastKnownFileType = sourcecode.swift; path = GeminiClient.swift; sourceTree = "<group>"; };
		AA0000000000000000000016 /* AIService.swift */ = {isa = PBXFileReference; lastKnownFileType = sourcecode.swift; path = AIService.swift; sourceTree = "<group>"; };
		AA0000000000000000000018 /* PromptBuilder.swift */ = {isa = PBXFileReference; lastKnownFileType = sourcecode.swift; path = PromptBuilder.swift; sourceTree = "<group>"; };
		AA000000000000000000001A /* SecurityService.swift */ = {isa = PBXFileReference; lastKnownFileType = sourcecode.swift; path = SecurityService.swift; sourceTree = "<group>"; };
		AA000000000000000000001C /* TradeLens.xcdatamodeld */ = {isa = PBXFileReference; lastKnownFileType = wrapper.xcdatamodel; path = TradeLens.xcdatamodeld; sourceTree = "<group>"; };
		AA000000000000000000001D /* TradeLens.entitlements */ = {isa = PBXFileReference; lastKnownFileType = text.plist.entitlements; path = TradeLens.entitlements; sourceTree = "<group>"; };
		AA000000000000000000001E /* Info.plist */ = {isa = PBXFileReference; lastKnownFileType = text.plist.xml; path = Info.plist; sourceTree = "<group>"; };
/* End PBXFileReference section */

/* Begin PBXGroup section */
		AA000000000000000000001F = {
			isa = PBXGroup;
			children = (
				AA0000000000000000000020 /* TradeLens */,
				AA0000000000000000000021 /* Products */,
			);
			sourceTree = "<group>";
		};
		AA0000000000000000000020 /* TradeLens */ = {
			isa = PBXGroup;
			children = (
				AA0000000000000000000022 /* App */,
				AA0000000000000000000023 /* Features */,
				AA0000000000000000000024 /* Services */,
				AA0000000000000000000025 /* Models */,
				AA0000000000000000000026 /* Persistence */,
				AA0000000000000000000027 /* Resources */,
			);
			path = TradeLens;
			sourceTree = "<group>";
		};
		AA0000000000000000000022 /* App */ = {
			isa = PBXGroup;
			children = (
				AA0000000000000000000002 /* TradeLensApp.swift */,
				AA0000000000000000000004 /* RootView.swift */,
			);
			path = App;
			sourceTree = "<group>";
		};
		AA0000000000000000000023 /* Features */ = {
			isa = PBXGroup;
			children = (
				AA0000000000000000000028 /* TradeLog */,
				AA0000000000000000000029 /* ReviewEditor */,
				AA000000000000000000002A /* Capital */,
				AA000000000000000000002B /* AIReview */,
				AA000000000000000000002C /* Templates */,
				AA000000000000000000002D /* Settings */,
			);
			path = Features;
			sourceTree = "<group>";
		};
		AA0000000000000000000028 /* TradeLog */ = {
			isa = PBXGroup;
			children = (
				AA0000000000000000000008 /* TradeLogView.swift */,
			);
			path = TradeLog;
			sourceTree = "<group>";
		};
		AA0000000000000000000029 /* ReviewEditor */ = {
			isa = PBXGroup;
			children = (
				AA000000000000000000000A /* ReviewEditorView.swift */,
			);
			path = ReviewEditor;
			sourceTree = "<group>";
		};
		AA000000000000000000002A /* Capital */ = {
			isa = PBXGroup;
			children = (
				AA000000000000000000000C /* CapitalView.swift */,
			);
			path = Capital;
			sourceTree = "<group>";
		};
		AA000000000000000000002B /* AIReview */ = {
			isa = PBXGroup;
			children = (
				AA000000000000000000000E /* AIReviewView.swift */,
			);
			path = AIReview;
			sourceTree = "<group>";
		};
		AA000000000000000000002C /* Templates */ = {
			isa = PBXGroup;
			children = (
				AA0000000000000000000010 /* TemplateListView.swift */,
			);
			path = Templates;
			sourceTree = "<group>";
		};
		AA000000000000000000002D /* Settings */ = {
			isa = PBXGroup;
			children = (
				AA0000000000000000000012 /* SettingsView.swift */,
			);
			path = Settings;
			sourceTree = "<group>";
		};
		AA0000000000000000000024 /* Services */ = {
			isa = PBXGroup;
			children = (
				AA000000000000000000002E /* AI */,
				AA000000000000000000002F /* Security */,
			);
			path = Services;
			sourceTree = "<group>";
		};
		AA000000000000000000002E /* AI */ = {
			isa = PBXGroup;
			children = (
				AA0000000000000000000014 /* GeminiClient.swift */,
				AA0000000000000000000016 /* AIService.swift */,
				AA0000000000000000000018 /* PromptBuilder.swift */,
			);
			path = AI;
			sourceTree = "<group>";
		};
		AA000000000000000000002F /* Security */ = {
			isa = PBXGroup;
			children = (
				AA000000000000000000001A /* SecurityService.swift */,
			);
			path = Security;
			sourceTree = "<group>";
		};
		AA0000000000000000000025 /* Models */ = {
			isa = PBXGroup;
			children = (
				AA000000000000000000001C /* TradeLens.xcdatamodeld */,
			);
			path = Models;
			sourceTree = "<group>";
		};
		AA0000000000000000000026 /* Persistence */ = {
			isa = PBXGroup;
			children = (
				AA0000000000000000000006 /* PersistenceController.swift */,
			);
			path = Persistence;
			sourceTree = "<group>";
		};
		AA0000000000000000000027 /* Resources */ = {
			isa = PBXGroup;
			children = (
				AA000000000000000000001D /* TradeLens.entitlements */,
				AA000000000000000000001E /* Info.plist */,
			);
			path = Resources;
			sourceTree = "<group>";
		};
		AA0000000000000000000021 /* Products */ = {
			isa = PBXGroup;
			children = (
			);
			name = Products;
			sourceTree = "<group>";
		};
/* End PBXGroup section */

/* Begin PBXNativeTarget section */
		AA0000000000000000000030 /* TradeLens */ = {
			isa = PBXNativeTarget;
			buildConfigurationList = AA0000000000000000000031 /* Build configuration list for PBXNativeTarget "TradeLens" */;
			buildPhases = (
				AA0000000000000000000032 /* Sources */,
				AA0000000000000000000033 /* Frameworks */,
				AA0000000000000000000034 /* Resources */,
			);
			buildRules = (
			);
			dependencies = (
			);
			name = TradeLens;
			productName = TradeLens;
			productType = "com.apple.product-type.application";
		};
/* End PBXNativeTarget section */

/* Begin PBXProject section */
		AA0000000000000000000035 /* Project object */ = {
			isa = PBXProject;
			attributes = {
				BuildIndependentTargetsInParallel = 1;
				LastSwiftUpdateCheck = 1500;
				LastUpgradeCheck = 1500;
			};
			buildConfigurationList = AA0000000000000000000036 /* Build configuration list for PBXProject "TradeLens" */;
			compatibilityVersion = "Xcode 14.0";
			developmentRegion = en;
			hasScannedForEncodings = 0;
			knownRegions = (
				en,
				Base,
			);
			mainGroup = AA000000000000000000001F;
			productRefGroup = AA0000000000000000000021 /* Products */;
			projectDirPath = "";
			projectRoot = "";
			targets = (
				AA0000000000000000000030 /* TradeLens */,
			);
		};
/* End PBXProject section */

/* Begin PBXResourcesBuildPhase section */
		AA0000000000000000000034 /* Resources */ = {
			isa = PBXResourcesBuildPhase;
			buildActionMask = 2147483647;
			files = (
			);
			runOnlyForDeploymentPostprocessing = 0;
		};
/* End PBXResourcesBuildPhase section */

/* Begin PBXSourcesBuildPhase section */
		AA0000000000000000000032 /* Sources */ = {
			isa = PBXSourcesBuildPhase;
			buildActionMask = 2147483647;
			files = (
				AA0000000000000000000001 /* TradeLensApp.swift in Sources */,
				AA0000000000000000000003 /* RootView.swift in Sources */,
				AA0000000000000000000005 /* PersistenceController.swift in Sources */,
				AA0000000000000000000007 /* TradeLogView.swift in Sources */,
				AA0000000000000000000009 /* ReviewEditorView.swift in Sources */,
				AA000000000000000000000B /* CapitalView.swift in Sources */,
				AA000000000000000000000D /* AIReviewView.swift in Sources */,
				AA000000000000000000000F /* TemplateListView.swift in Sources */,
				AA0000000000000000000011 /* SettingsView.swift in Sources */,
				AA0000000000000000000013 /* GeminiClient.swift in Sources */,
				AA0000000000000000000015 /* AIService.swift in Sources */,
				AA0000000000000000000017 /* PromptBuilder.swift in Sources */,
				AA0000000000000000000019 /* SecurityService.swift in Sources */,
				AA000000000000000000001B /* TradeLens.xcdatamodeld in Sources */,
			);
			runOnlyForDeploymentPostprocessing = 0;
		};
/* End PBXSourcesBuildPhase section */

/* Begin XCBuildConfiguration section */
		AA0000000000000000000037 /* Debug */ = {
			isa = XCBuildConfiguration;
			buildSettings = {
				ALWAYS_SEARCH_USER_PATHS = NO;
				ASSETCATALOG_COMPILER_GENERATE_SWIFT_ASSET_SYMBOL_EXTENSIONS = YES;
				CLANG_ANALYZER_NONNULL = YES;
				CLANG_ANALYZER_NUMBER_OBJECT_CONVERSION = YES_AGGRESSIVE;
				CLANG_CXX_LANGUAGE_STANDARD = "gnu++20";
				CLANG_ENABLE_MODULES = YES;
				CLANG_ENABLE_OBJC_ARC = YES;
				CLANG_ENABLE_OBJC_WEAK = YES;
				CLANG_WARN_BLOCK_CAPTURE_AUTORELEASING = YES;
				CLANG_WARN_BOOL_CONVERSION = YES;
				CLANG_WARN_COMMA = YES;
				CLANG_WARN_CONSTANT_CONVERSION = YES;
				CLANG_WARN_DEPRECATED_OBJC_IMPLEMENTATIONS = YES;
				CLANG_WARN_DIRECT_OBJC_ISA_USAGE = YES_ERROR;
				CLANG_WARN_DOCUMENTATION_COMMENTS = YES;
				CLANG_WARN_EMPTY_BODY = YES;
				CLANG_WARN_ENUM_CONVERSION = YES;
				CLANG_WARN_INFINITE_RECURSION = YES;
				CLANG_WARN_INT_CONVERSION = YES;
				CLANG_WARN_NON_LITERAL_NULL_CONVERSION = YES;
				CLANG_WARN_OBJC_IMPLICIT_RETAIN_SELF = YES;
				CLANG_WARN_OBJC_LITERAL_CONVERSION = YES;
				CLANG_WARN_OBJC_ROOT_CLASS = YES_ERROR;
				CLANG_WARN_QUOTED_INCLUDE_IN_FRAMEWORK_HEADER = YES;
				CLANG_WARN_RANGE_LOOP_ANALYSIS = YES;
				CLANG_WARN_STRICT_PROTOTYPES = YES;
				CLANG_WARN_SUSPICIOUS_MOVE = YES;
				CLANG_WARN_UNGUARDED_AVAILABILITY = YES_AGGRESSIVE;
				CLANG_WARN_UNREACHABLE_CODE = YES;
				CLANG_WARN__DUPLICATE_METHOD_MATCH = YES;
				COPY_PHASE_STRIP = NO;
				DEBUG_INFORMATION_FORMAT = dwarf;
				ENABLE_STRICT_OBJC_MSGSEND = YES;
				ENABLE_TESTABILITY = YES;
				ENABLE_USER_SCRIPT_SANDBOXING = YES;
				GCC_C_LANGUAGE_STANDARD = gnu17;
				GCC_DYNAMIC_NO_PIC = NO;
				GCC_NO_COMMON_BLOCKS = YES;
				GCC_OPTIMIZATION_LEVEL = 0;
				GCC_PREPROCESSOR_DEFINITIONS = (
					"DEBUG=1",
					"$(inherited)",
				);
				GCC_WARN_64_TO_32_BIT_CONVERSION = YES;
				GCC_WARN_ABOUT_RETURN_TYPE = YES_ERROR;
				GCC_WARN_UNDECLARED_SELECTOR = YES;
				GCC_WARN_UNINITIALIZED_AUTOS = YES_AGGRESSIVE;
				GCC_WARN_UNUSED_FUNCTION = YES;
				GCC_WARN_UNUSED_VARIABLE = YES;
				LOCALIZATION_PREFERS_STRING_CATALOGS = YES;
				MACOSX_DEPLOYMENT_TARGET = 14.0;
				MTL_ENABLE_DEBUG_INFO = INCLUDE_SOURCE;
				MTL_FAST_MATH = YES;
				ONLY_ACTIVE_ARCH = YES;
				SDKROOT = macosx;
				SWIFT_ACTIVE_COMPILATION_CONDITIONS = "DEBUG $(inherited)";
				SWIFT_OPTIMIZATION_LEVEL = "-Onone";
			};
			name = Debug;
		};
		AA0000000000000000000038 /* Release */ = {
			isa = XCBuildConfiguration;
			buildSettings = {
				ALWAYS_SEARCH_USER_PATHS = NO;
				ASSETCATALOG_COMPILER_GENERATE_SWIFT_ASSET_SYMBOL_EXTENSIONS = YES;
				CLANG_ANALYZER_NONNULL = YES;
				CLANG_ANALYZER_NUMBER_OBJECT_CONVERSION = YES_AGGRESSIVE;
				CLANG_CXX_LANGUAGE_STANDARD = "gnu++20";
				CLANG_ENABLE_MODULES = YES;
				CLANG_ENABLE_OBJC_ARC = YES;
				CLANG_ENABLE_OBJC_WEAK = YES;
				CLANG_WARN_BLOCK_CAPTURE_AUTORELEASING = YES;
				CLANG_WARN_BOOL_CONVERSION = YES;
				CLANG_WARN_COMMA = YES;
				CLANG_WARN_CONSTANT_CONVERSION = YES;
				CLANG_WARN_DEPRECATED_OBJC_IMPLEMENTATIONS = YES;
				CLANG_WARN_DIRECT_OBJC_ISA_USAGE = YES_ERROR;
				CLANG_WARN_DOCUMENTATION_COMMENTS = YES;
				CLANG_WARN_EMPTY_BODY = YES;
				CLANG_WARN_ENUM_CONVERSION = YES;
				CLANG_WARN_INFINITE_RECURSION = YES;
				CLANG_WARN_INT_CONVERSION = YES;
				CLANG_WARN_NON_LITERAL_NULL_CONVERSION = YES;
				CLANG_WARN_OBJC_IMPLICIT_RETAIN_SELF = YES;
				CLANG_WARN_OBJC_LITERAL_CONVERSION = YES;
				CLANG_WARN_OBJC_ROOT_CLASS = YES_ERROR;
				CLANG_WARN_QUOTED_INCLUDE_IN_FRAMEWORK_HEADER = YES;
				CLANG_WARN_RANGE_LOOP_ANALYSIS = YES;
				CLANG_WARN_STRICT_PROTOTYPES = YES;
				CLANG_WARN_SUSPICIOUS_MOVE = YES;
				CLANG_WARN_UNGUARDED_AVAILABILITY = YES_AGGRESSIVE;
				CLANG_WARN_UNREACHABLE_CODE = YES;
				CLANG_WARN__DUPLICATE_METHOD_MATCH = YES;
				COPY_PHASE_STRIP = NO;
				DEBUG_INFORMATION_FORMAT = "dwarf-with-dsym";
				ENABLE_NS_ASSERTIONS = NO;
				ENABLE_STRICT_OBJC_MSGSEND = YES;
				GCC_C_LANGUAGE_STANDARD = gnu17;
				GCC_NO_COMMON_BLOCKS = YES;
				GCC_WARN_64_TO_32_BIT_CONVERSION = YES;
				GCC_WARN_ABOUT_RETURN_TYPE = YES_ERROR;
				GCC_WARN_UNDECLARED_SELECTOR = YES;
				GCC_WARN_UNINITIALIZED_AUTOS = YES_AGGRESSIVE;
				GCC_WARN_UNUSED_FUNCTION = YES;
				GCC_WARN_UNUSED_VARIABLE = YES;
				LOCALIZATION_PREFERS_STRING_CATALOGS = YES;
				MACOSX_DEPLOYMENT_TARGET = 14.0;
				MTL_ENABLE_DEBUG_INFO = NO;
				MTL_FAST_MATH = YES;
				SDKROOT = macosx;
				SWIFT_COMPILATION_MODE = wholemodule;
				SWIFT_OPTIMIZATION_LEVEL = "-O";
			};
			name = Release;
		};
		AA0000000000000000000039 /* Debug */ = {
			isa = XCBuildConfiguration;
			buildSettings = {
				ASSETCATALOG_COMPILER_APPICON_NAME = AppIcon;
				ASSETCATALOG_COMPILER_GLOBAL_ACCENT_COLOR_NAME = AccentColor;
				CODE_SIGN_ENTITLEMENTS = TradeLens/Resources/TradeLens.entitlements;
				CODE_SIGN_STYLE = Automatic;
				CURRENT_PROJECT_VERSION = 1;
				DEVELOPMENT_ASSET_PATHS = "";
				ENABLE_PREVIEWS = YES;
				GENERATE_INFOPLIST_FILE = NO;
				INFOPLIST_FILE = TradeLens/Resources/Info.plist;
				INFOPLIST_KEY_NSHumanReadableCopyright = "";
				LD_RUNPATH_SEARCH_PATHS = (
					"$(inherited)",
					"@executable_path/../Frameworks",
				);
				MARKETING_VERSION = 1.0;
				PRODUCT_BUNDLE_IDENTIFIER = com.tradelens.app;
				PRODUCT_NAME = "$(TARGET_NAME)";
				SWIFT_EMIT_LOC_STRINGS = YES;
				SWIFT_VERSION = 5.0;
			};
			name = Debug;
		};
		AA000000000000000000003A /* Release */ = {
			isa = XCBuildConfiguration;
			buildSettings = {
				ASSETCATALOG_COMPILER_APPICON_NAME = AppIcon;
				ASSETCATALOG_COMPILER_GLOBAL_ACCENT_COLOR_NAME = AccentColor;
				CODE_SIGN_ENTITLEMENTS = TradeLens/Resources/TradeLens.entitlements;
				CODE_SIGN_STYLE = Automatic;
				CURRENT_PROJECT_VERSION = 1;
				DEVELOPMENT_ASSET_PATHS = "";
				ENABLE_PREVIEWS = YES;
				GENERATE_INFOPLIST_FILE = NO;
				INFOPLIST_FILE = TradeLens/Resources/Info.plist;
				INFOPLIST_KEY_NSHumanReadableCopyright = "";
				LD_RUNPATH_SEARCH_PATHS = (
					"$(inherited)",
					"@executable_path/../Frameworks",
				);
				MARKETING_VERSION = 1.0;
				PRODUCT_BUNDLE_IDENTIFIER = com.tradelens.app;
				PRODUCT_NAME = "$(TARGET_NAME)";
				SWIFT_EMIT_LOC_STRINGS = YES;
				SWIFT_VERSION = 5.0;
			};
			name = Release;
		};
/* End XCBuildConfiguration section */

/* Begin XCConfigurationList section */
		AA0000000000000000000036 /* Build configuration list for PBXProject "TradeLens" */ = {
			isa = XCConfigurationList;
			buildConfigurations = (
				AA0000000000000000000037 /* Debug */,
				AA0000000000000000000038 /* Release */,
			);
			defaultConfigurationIsVisible = 0;
			defaultConfigurationName = Release;
		};
		AA0000000000000000000031 /* Build configuration list for PBXNativeTarget "TradeLens" */ = {
			isa = XCConfigurationList;
			buildConfigurations = (
				AA0000000000000000000039 /* Debug */,
				AA000000000000000000003A /* Release */,
			);
			defaultConfigurationIsVisible = 0;
			defaultConfigurationName = Release;
		};
/* End XCConfigurationList section */
	};
	rootObject = AA0000000000000000000035 /* Project object */;
}

